
Microsoft Visual Studio Solution File, Format Version 12.00
# Visual Studio Version 16
VisualStudioVersion = 16.0.31005.135
MinimumVisualStudioVersion = 10.0.40219.1
Project("{9A19103F-16F7-4668-BE54-9A1E7A4F7556}") = "FuelScoreboard.Domain", "FuelScoreboard.Domain\FuelScoreboard.Domain.csproj", "{34A52A64-189F-42A5-B420-EBC823C5BBEB}"
EndProject
Project("{2150E333-8FDC-42A3-9474-1A3956D46DE8}") = "test", "test", "{E7B5D4FB-AF51-4F9F-8B72-DB5D38C77A9D}"
EndProject
Project("{2150E333-8FDC-42A3-9474-1A3956D46DE8}") = "unit-test", "unit-test", "{2D6A5E58-7350-427C-B545-4291C1DD7F3F}"
EndProject
Project("{FAE04EC0-301F-11D3-BF4B-00C04F79EFBC}") = "FuelScoreboard.Domain.UnitTest", "FuelScoreboard.Domain.UnitTest\FuelScoreboard.Domain.UnitTest.csproj", "{8A092748-B691-49A4-8A87-1940FBE61D05}"
EndProject
Global
	GlobalSection(SolutionConfigurationPlatforms) = preSolution
		Debug|Any CPU = Debug|Any CPU
		Release|Any CPU = Release|Any CPU
	EndGlobalSection
	GlobalSection(ProjectConfigurationPlatforms) = postSolution
		{34A52A64-189F-42A5-B420-EBC823C5BBEB}.Debug|Any CPU.ActiveCfg = Debug|Any CPU
		{34A52A64-189F-42A5-B420-EBC823C5BBEB}.Debug|Any CPU.Build.0 = Debug|Any CPU
		{34A52A64-189F-42A5-B420-EBC823C5BBEB}.Release|Any CPU.ActiveCfg = Release|Any CPU
		{34A52A64-189F-42A5-B420-EBC823C5BBEB}.Release|Any CPU.Build.0 = Release|Any CPU
		{8A092748-B691-49A4-8A87-1940FBE61D05}.Debug|Any CPU.ActiveCfg = Debug|Any CPU
		{8A092748-B691-49A4-8A87-1940FBE61D05}.Debug|Any CPU.Build.0 = Debug|Any CPU
		{8A092748-B691-49A4-8A87-1940FBE61D05}.Release|Any CPU.ActiveCfg = Release|Any CPU
		{8A092748-B691-49A4-8A87-1940FBE61D05}.Release|Any CPU.Build.0 = Release|Any CPU
	EndGlobalSection
	GlobalSection(SolutionProperties) = preSolution
		HideSolutionNode = FALSE
	EndGlobalSection
	GlobalSection(NestedProjects) = preSolution
		{2D6A5E58-7350-427C-B545-4291C1DD7F3F} = {E7B5D4FB-AF51-4F9F-8B72-DB5D38C77A9D}
		{8A092748-B691-49A4-8A87-1940FBE61D05} = {2D6A5E58-7350-427C-B545-4291C1DD7F3F}
	EndGlobalSection
	GlobalSection(ExtensibilityGlobals) = postSolution
		SolutionGuid = {70C7DDF1-5B66-478E-A531-AD5FA64784B0}
	EndGlobalSection
EndGlobal
